
Microsoft Visual Studio Solution File, Format Version 12.00
# Visual Studio 15
Project("{FAE04EC0-301F-11D3-BF4B-00C04F79EFBC}") = "Assembly-CSharp", "Assembly-CSharp.csproj", "{4635B837-5022-0D14-20A9-2ABA844DB424}"
EndProject
Project("{FAE04EC0-301F-11D3-BF4B-00C04F79EFBC}") = "Assembly-CSharp-firstpass", "Assembly-CSharp-firstpass.csproj", "{44A22097-E1D2-C95B-A748-2085CB054B1B}"
EndProject
Project("{FAE04EC0-301F-11D3-BF4B-00C04F79EFBC}") = "Assembly-CSharp-Editor-firstpass", "Assembly-CSharp-Editor-firstpass.csproj", "{4A718413-A4C6-06CF-BFD0-4635A33DD218}"
EndProject
Global
	GlobalSection(SolutionConfigurationPlatforms) = preSolution
		Debug|Any CPU = Debug|Any CPU
		Release|Any CPU = Release|Any CPU
	EndGlobalSection
	GlobalSection(ProjectConfigurationPlatforms) = postSolution
		{4635B837-5022-0D14-20A9-2ABA844DB424}.Debug|Any CPU.ActiveCfg = Debug|Any CPU
		{4635B837-5022-0D14-20A9-2ABA844DB424}.Debug|Any CPU.Build.0 = Debug|Any CPU
		{4635B837-5022-0D14-20A9-2ABA844DB424}.Release|Any CPU.ActiveCfg = Release|Any CPU
		{4635B837-5022-0D14-20A9-2ABA844DB424}.Release|Any CPU.Build.0 = Release|Any CPU
		{44A22097-E1D2-C95B-A748-2085CB054B1B}.Debug|Any CPU.ActiveCfg = Debug|Any CPU
		{44A22097-E1D2-C95B-A748-2085CB054B1B}.Debug|Any CPU.Build.0 = Debug|Any CPU
		{44A22097-E1D2-C95B-A748-2085CB054B1B}.Release|Any CPU.ActiveCfg = Release|Any CPU
		{44A22097-E1D2-C95B-A748-2085CB054B1B}.Release|Any CPU.Build.0 = Release|Any CPU
		{4A718413-A4C6-06CF-BFD0-4635A33DD218}.Debug|Any CPU.ActiveCfg = Debug|Any CPU
		{4A718413-A4C6-06CF-BFD0-4635A33DD218}.Debug|Any CPU.Build.0 = Debug|Any CPU
		{4A718413-A4C6-06CF-BFD0-4635A33DD218}.Release|Any CPU.ActiveCfg = Release|Any CPU
		{4A718413-A4C6-06CF-BFD0-4635A33DD218}.Release|Any CPU.Build.0 = Release|Any CPU
	EndGlobalSection
	GlobalSection(SolutionProperties) = preSolution
		HideSolutionNode = FALSE
	EndGlobalSection
EndGlobal
